
Microsoft Visual Studio Solution File, Format Version 12.00
# Visual Studio Version 17
VisualStudioVersion = 17.3.32901.215
MinimumVisualStudioVersion = 10.0.40219.1
Project("{FAE04EC0-301F-11D3-BF4B-00C04F79EFBC}") = "AnketMiniProje", "AnketMiniProje\AnketMiniProje.csproj", "{646985C8-8BAC-433A-905A-896A7B90B827}"
EndProject
Global
	GlobalSection(SolutionConfigurationPlatforms) = preSolution
		Debug|Any CPU = Debug|Any CPU
		Release|Any CPU = Release|Any CPU
	EndGlobalSection
	GlobalSection(ProjectConfigurationPlatforms) = postSolution
		{646985C8-8BAC-433A-905A-896A7B90B827}.Debug|Any CPU.ActiveCfg = Debug|Any CPU
		{646985C8-8BAC-433A-905A-896A7B90B827}.Debug|Any CPU.Build.0 = Debug|Any CPU
		{646985C8-8BAC-433A-905A-896A7B90B827}.Release|Any CPU.ActiveCfg = Release|Any CPU
		{646985C8-8BAC-433A-905A-896A7B90B827}.Release|Any CPU.Build.0 = Release|Any CPU
	EndGlobalSection
	GlobalSection(SolutionProperties) = preSolution
		HideSolutionNode = FALSE
	EndGlobalSection
	GlobalSection(ExtensibilityGlobals) = postSolution
		SolutionGuid = {5A251456-38BB-45A8-A29F-B5E5A3860378}
	EndGlobalSection
EndGlobal
